
Microsoft Visual Studio Solution File, Format Version 12.00
# Visual Studio 2013
VisualStudioVersion = 12.0.40629.0
MinimumVisualStudioVersion = 10.0.40219.1
Project("{FAE04EC0-301F-11D3-BF4B-00C04F79EFBC}") = "Sage One API Sample Website", "Sage One API Sample Website\Sage One API Sample Website.csproj", "{9CDF0A5E-7DB3-4DFA-AC89-C1CFFEF9D34B}"
EndProject
Project("{FAE04EC0-301F-11D3-BF4B-00C04F79EFBC}") = "Sage One Authorisation Client", "Sage One Authorisation Client\Sage One Authorisation Client.csproj", "{12701912-8868-46E4-9F08-50370FE36C33}"
EndProject
Global
	GlobalSection(SolutionConfigurationPlatforms) = preSolution
		Debug|Any CPU = Debug|Any CPU
		Release|Any CPU = Release|Any CPU
	EndGlobalSection
	GlobalSection(ProjectConfigurationPlatforms) = postSolution
		{9CDF0A5E-7DB3-4DFA-AC89-C1CFFEF9D34B}.Debug|Any CPU.ActiveCfg = Debug|Any CPU
		{9CDF0A5E-7DB3-4DFA-AC89-C1CFFEF9D34B}.Debug|Any CPU.Build.0 = Debug|Any CPU
		{9CDF0A5E-7DB3-4DFA-AC89-C1CFFEF9D34B}.Release|Any CPU.ActiveCfg = Release|Any CPU
		{9CDF0A5E-7DB3-4DFA-AC89-C1CFFEF9D34B}.Release|Any CPU.Build.0 = Release|Any CPU
		{12701912-8868-46E4-9F08-50370FE36C33}.Debug|Any CPU.ActiveCfg = Debug|Any CPU
		{12701912-8868-46E4-9F08-50370FE36C33}.Debug|Any CPU.Build.0 = Debug|Any CPU
		{12701912-8868-46E4-9F08-50370FE36C33}.Release|Any CPU.ActiveCfg = Release|Any CPU
		{12701912-8868-46E4-9F08-50370FE36C33}.Release|Any CPU.Build.0 = Release|Any CPU
	EndGlobalSection
	GlobalSection(SolutionProperties) = preSolution
		HideSolutionNode = FALSE
	EndGlobalSection
EndGlobal
